
Microsoft Visual Studio Solution File, Format Version 12.00
# Visual Studio Version 16
VisualStudioVersion = 25.0.1700.6
MinimumVisualStudioVersion = 10.0.40219.1
Project("{FAE04EC0-301F-11D3-BF4B-00C04F79EFBC}") = "PokemonReviewApp", "PokemonReviewApp\PokemonReviewApp.csproj", "{A822E95C-DAFD-487B-BD71-D88F619D9D25}"
EndProject
Global
	GlobalSection(SolutionConfigurationPlatforms) = preSolution
		Debug|Any CPU = Debug|Any CPU
		Release|Any CPU = Release|Any CPU
	EndGlobalSection
	GlobalSection(ProjectConfigurationPlatforms) = postSolution
		{A822E95C-DAFD-487B-BD71-D88F619D9D25}.Debug|Any CPU.ActiveCfg = Debug|Any CPU
		{A822E95C-DAFD-487B-BD71-D88F619D9D25}.Debug|Any CPU.Build.0 = Debug|Any CPU
		{A822E95C-DAFD-487B-BD71-D88F619D9D25}.Release|Any CPU.ActiveCfg = Release|Any CPU
		{A822E95C-DAFD-487B-BD71-D88F619D9D25}.Release|Any CPU.Build.0 = Release|Any CPU
	EndGlobalSection
	GlobalSection(SolutionProperties) = preSolution
		HideSolutionNode = FALSE
	EndGlobalSection
	GlobalSection(ExtensibilityGlobals) = postSolution
		SolutionGuid = {BBA90CA8-BA5D-4DD7-AFD4-8D3080911335}
	EndGlobalSection
EndGlobal
